hash: 82642053137bb5fdbd52ff5ddb3381567be4356f1864865eb7ffb2ca0accd015
updated: 2017-01-27T13:51:32.229210123+05:30
imports:
- name: github.com/golang/protobuf
  version: 8ee79997227bf9b34611aee7946ae64735e6fd93
  subpackages:
  - proto
- name: github.com/RetailMarket/priceManagerClient
  version: 91205d292f832837a234aca6d0ab5c099ce3d275
- name: github.com/RetailMarket/workFlowClient
  version: 9896562e92fe077c1322fdc42639183a68040d47
- name: golang.org/x/net
  version: f2499483f923065a842d38eb4c7f1927e6fc6e6d
  subpackages:
  - context
  - http2
  - http2/hpack
  - idna
  - internal/timeseries
  - lex/httplex
  - trace
- name: google.golang.org/grpc
  version: 50955793b0183f9de69bd78e2ec251cf20aab121
  subpackages:
  - codes
  - credentials
  - grpclog
  - internal
  - metadata
  - naming
  - peer
  - stats
  - tap
  - transport
testImports: []
